dependencies:
- name: zookeeper
  repository: https://charts.bitnami.com/bitnami
  version: 13.4.3
- name: mysql
  repository: https://charts.helm.sh/stable
  version: 1.6.4
- name: postgresql
  repository: https://charts.bitnami.com/bitnami
  version: 15.2.8
digest: sha256:ce26d6841448cd656808472c0711fc5b86d55e781245dc7eca8c01077f93d668
generated: "2024-06-11T09:57:26.700042+08:00"
