dependencies:
- name: zookeeper
  repository: https://charts.bitnami.com/bitnami
  version: 12.12.1
- name: mysql
  repository: https://charts.helm.sh/stable
  version: 1.6.4
- name: postgresql
  repository: https://charts.bitnami.com/bitnami
  version: 14.3.3
digest: sha256:6f88bf97635e0aedb72e4963ef7d6a324d08386fd1c2eeb0fc95ef57f32852d8
generated: "2024-04-11T11:38:52.498175+08:00"
